Microsoft Visual Studio Solution File, Format Version 12.00
# Visual Studio 2012
Project("{FAE04EC0-301F-11D3-BF4B-00C04F79EFBC}") = "Vector Ball", "Vector Ball.csproj", "{33A4962C-BE10-4866-A747-924E9CB56979}"
EndProject
Global
	GlobalSection(SolutionConfigurationPlatforms) = preSolution
	Debug|Any CPU = Debug|Any CPU
	ExportDebug|Any CPU = ExportDebug|Any CPU
	ExportRelease|Any CPU = ExportRelease|Any CPU
	EndGlobalSection
	GlobalSection(ProjectConfigurationPlatforms) = postSolution
		{33A4962C-BE10-4866-A747-924E9CB56979}.Debug|Any CPU.ActiveCfg = Debug|Any CPU
		{33A4962C-BE10-4866-A747-924E9CB56979}.Debug|Any CPU.Build.0 = Debug|Any CPU
		{33A4962C-BE10-4866-A747-924E9CB56979}.ExportDebug|Any CPU.ActiveCfg = ExportDebug|Any CPU
		{33A4962C-BE10-4866-A747-924E9CB56979}.ExportDebug|Any CPU.Build.0 = ExportDebug|Any CPU
		{33A4962C-BE10-4866-A747-924E9CB56979}.ExportRelease|Any CPU.ActiveCfg = ExportRelease|Any CPU
		{33A4962C-BE10-4866-A747-924E9CB56979}.ExportRelease|Any CPU.Build.0 = ExportRelease|Any CPU
	EndGlobalSection
EndGlobal
